
Microsoft Visual Studio Solution File, Format Version 12.00
# Visual Studio 15
VisualStudioVersion = 15.0.26430.14
MinimumVisualStudioVersion = 10.0.40219.1
Project("{FAE04EC0-301F-11D3-BF4B-00C04F79EFBC}") = "Library.BusinessLayer", "Library\Library.BusinessLayer.csproj", "{A4C649DD-0604-49D7-B55C-54F21895E410}"
EndProject
Project("{FAE04EC0-301F-11D3-BF4B-00C04F79EFBC}") = "TestLibrary.Test", "TestLibrary.Test\TestLibrary.Test.csproj", "{B6C7F11D-B449-4753-A79D-C4B8CACABC1F}"
EndProject
Project("{FAE04EC0-301F-11D3-BF4B-00C04F79EFBC}") = "TestConsole", "TestConsole\TestConsole.csproj", "{7542D3FD-55A3-4F97-974D-3D509536AAE2}"
EndProject
Project("{FAE04EC0-301F-11D3-BF4B-00C04F79EFBC}") = "SpecialTestLibrary.Test", "SpecialTestLibrary.Test\SpecialTestLibrary.Test.csproj", "{684BF99C-28FC-46F3-B8BC-1F83BBE0F734}"
EndProject
Project("{FAE04EC0-301F-11D3-BF4B-00C04F79EFBC}") = "SerializationDeserialization", "SerializationDeserialization\SerializationDeserialization.csproj", "{375E5D26-F593-4FF4-A7EE-58B817DCA2E6}"
EndProject
Global
	GlobalSection(SolutionConfigurationPlatforms) = preSolution
		Debug|Any CPU = Debug|Any CPU
		Release|Any CPU = Release|Any CPU
	EndGlobalSection
	GlobalSection(ProjectConfigurationPlatforms) = postSolution
		{A4C649DD-0604-49D7-B55C-54F21895E410}.Debug|Any CPU.ActiveCfg = Debug|Any CPU
		{A4C649DD-0604-49D7-B55C-54F21895E410}.Debug|Any CPU.Build.0 = Debug|Any CPU
		{A4C649DD-0604-49D7-B55C-54F21895E410}.Release|Any CPU.ActiveCfg = Release|Any CPU
		{A4C649DD-0604-49D7-B55C-54F21895E410}.Release|Any CPU.Build.0 = Release|Any CPU
		{B6C7F11D-B449-4753-A79D-C4B8CACABC1F}.Debug|Any CPU.ActiveCfg = Debug|Any CPU
		{B6C7F11D-B449-4753-A79D-C4B8CACABC1F}.Debug|Any CPU.Build.0 = Debug|Any CPU
		{B6C7F11D-B449-4753-A79D-C4B8CACABC1F}.Release|Any CPU.ActiveCfg = Release|Any CPU
		{B6C7F11D-B449-4753-A79D-C4B8CACABC1F}.Release|Any CPU.Build.0 = Release|Any CPU
		{7542D3FD-55A3-4F97-974D-3D509536AAE2}.Debug|Any CPU.ActiveCfg = Debug|Any CPU
		{7542D3FD-55A3-4F97-974D-3D509536AAE2}.Debug|Any CPU.Build.0 = Debug|Any CPU
		{7542D3FD-55A3-4F97-974D-3D509536AAE2}.Release|Any CPU.ActiveCfg = Release|Any CPU
		{7542D3FD-55A3-4F97-974D-3D509536AAE2}.Release|Any CPU.Build.0 = Release|Any CPU
		{684BF99C-28FC-46F3-B8BC-1F83BBE0F734}.Debug|Any CPU.ActiveCfg = Debug|Any CPU
		{684BF99C-28FC-46F3-B8BC-1F83BBE0F734}.Debug|Any CPU.Build.0 = Debug|Any CPU
		{684BF99C-28FC-46F3-B8BC-1F83BBE0F734}.Release|Any CPU.ActiveCfg = Release|Any CPU
		{684BF99C-28FC-46F3-B8BC-1F83BBE0F734}.Release|Any CPU.Build.0 = Release|Any CPU
		{375E5D26-F593-4FF4-A7EE-58B817DCA2E6}.Debug|Any CPU.ActiveCfg = Debug|Any CPU
		{375E5D26-F593-4FF4-A7EE-58B817DCA2E6}.Debug|Any CPU.Build.0 = Debug|Any CPU
		{375E5D26-F593-4FF4-A7EE-58B817DCA2E6}.Release|Any CPU.ActiveCfg = Release|Any CPU
		{375E5D26-F593-4FF4-A7EE-58B817DCA2E6}.Release|Any CPU.Build.0 = Release|Any CPU
	EndGlobalSection
	GlobalSection(SolutionProperties) = preSolution
		HideSolutionNode = FALSE
	EndGlobalSection
EndGlobal
